
Microsoft Visual Studio Solution File, Format Version 12.00
# Visual Studio Version 17
VisualStudioVersion = 17.13.36105.23
MinimumVisualStudioVersion = 10.0.40219.1
Project("{FAE04EC0-301F-11D3-BF4B-00C04F79EFBC}") = "PPDF.TotalAgility.Connector", "PPDF.TotalAgility.Connector\PPDF.TotalAgility.Connector.csproj", "{4FA51C12-894D-47CB-8A1D-C536F9D833DC}"
EndProject
Project("{FAE04EC0-301F-11D3-BF4B-00C04F79EFBC}") = "PPDFTATester", "PPDFTATester\PPDFTATester.csproj", "{A640400E-00A5-46D8-8397-F68DC432A687}"
EndProject
Global
	GlobalSection(SolutionConfigurationPlatforms) = preSolution
		Debug|Any CPU = Debug|Any CPU
		Release|Any CPU = Release|Any CPU
	EndGlobalSection
	GlobalSection(ProjectConfigurationPlatforms) = postSolution
		{4FA51C12-894D-47CB-8A1D-C536F9D833DC}.Debug|Any CPU.ActiveCfg = Debug|Any CPU
		{4FA51C12-894D-47CB-8A1D-C536F9D833DC}.Debug|Any CPU.Build.0 = Debug|Any CPU
		{4FA51C12-894D-47CB-8A1D-C536F9D833DC}.Release|Any CPU.ActiveCfg = Release|Any CPU
		{4FA51C12-894D-47CB-8A1D-C536F9D833DC}.Release|Any CPU.Build.0 = Release|Any CPU
		{A640400E-00A5-46D8-8397-F68DC432A687}.Debug|Any CPU.ActiveCfg = Debug|Any CPU
		{A640400E-00A5-46D8-8397-F68DC432A687}.Debug|Any CPU.Build.0 = Debug|Any CPU
		{A640400E-00A5-46D8-8397-F68DC432A687}.Release|Any CPU.ActiveCfg = Release|Any CPU
		{A640400E-00A5-46D8-8397-F68DC432A687}.Release|Any CPU.Build.0 = Release|Any CPU
	EndGlobalSection
	GlobalSection(SolutionProperties) = preSolution
		HideSolutionNode = FALSE
	EndGlobalSection
	GlobalSection(ExtensibilityGlobals) = postSolution
		SolutionGuid = {FBE2EBB7-0283-4932-A98E-DE7C6D563F27}
	EndGlobalSection
EndGlobal
